{
  "version": 4,
  "terraform_version": "1.7.2",
  "serial": 128,
  "lineage": "379fa39c-4145-4821-45d7-8c4db616426f",
  "outputs": {
    "site-addr": {
      "value": "158.160.124.167",
      "type": "string"
    }
  },
  "resources": [
    {
      "mode": "managed",
      "type": "local_file",
      "name": "inventory",
      "provider": "provider[\"registry.terraform.io/hashicorp/local\"]",
      "instances": [
        {
          "schema_version": 0,
          "attributes": {
            "content": "[webserver]\n158.160.124.167\n",
            "content_base64": null,
            "content_base64sha256": "watH45D3JE9590274KWcnhMC3CiSXhaJwRZlA8Rl+hw=",
            "content_base64sha512": "o0qCh1cSZSKx56p1pdFqLsITXKj4Mierar6SIr906ME06kfPazrWfu5PzL6piNizaf1TGPj0g+7WsymKSFrAoQ==",
            "content_md5": "16cf76fce76616488391d47ce27dda0a",
            "content_sha1": "a688d2ad0c5e35f3c4a48fe9dadb5d2726bb8d82",
            "content_sha256": "c1ab47e390f7244f79f74dbbe0a59c9e1302dc28925e1689c1166503c465fa1c",
            "content_sha512": "a34a828757126522b1e7aa75a5d16a2ec2135ca8f83227ab6abe9222bf74e8c134ea47cf6b3ad67eee4fccbea988d8b369fd5318f8f483eed6b3298a485ac0a1",
            "directory_permission": "0777",
            "file_permission": "0777",
            "filename": "../ansible/inventory.ini",
            "id": "a688d2ad0c5e35f3c4a48fe9dadb5d2726bb8d82",
            "sensitive_content": null,
            "source": null
          },
          "sensitive_attributes": [],
          "dependencies": [
            "yandex_compute_disk.vm-hdd",
            "yandex_compute_instance.vm-site",
            "yandex_vpc_network.default",
            "yandex_vpc_subnet.test-subnet-a"
          ]
        }
      ]
    },
    {
      "mode": "managed",
      "type": "yandex_compute_disk",
      "name": "vm-hdd",
      "provider": "provider[\"registry.terraform.io/yandex-cloud/yandex\"]",
      "instances": [
        {
          "schema_version": 0,
          "attributes": {
            "allow_recreate": null,
            "block_size": 4096,
            "created_at": "2024-02-02T10:59:06Z",
            "description": "",
            "disk_placement_policy": [
              {
                "disk_placement_group_id": ""
              }
            ],
            "folder_id": "b1g43aq7nnnac7rsogvm",
            "id": "fhmi98qu89h3i34tsdq4",
            "image_id": "fd8vljd295nqdaoogf3g",
            "labels": null,
            "name": "hdd",
            "product_ids": [
              "f2epb404fuib1kf1hknu"
            ],
            "size": 10,
            "snapshot_id": "",
            "status": "ready",
            "timeouts": null,
            "type": "network-hdd",
            "zone": "ru-central1-a"
          },
          "sensitive_attributes": [],
          "private": "eyJlMmJmYjczMC1lY2FhLTExZTYtOGY4OC0zNDM2M2JjN2M0YzAiOnsiY3JlYXRlIjozMDAwMDAwMDAwMDAsImRlbGV0ZSI6MzAwMDAwMDAwMDAwLCJ1cGRhdGUiOjMwMDAwMDAwMDAwMH19"
        }
      ]
    },
    {
      "mode": "managed",
      "type": "yandex_compute_instance",
      "name": "vm-site",
      "provider": "provider[\"registry.terraform.io/yandex-cloud/yandex\"]",
      "instances": [
        {
          "schema_version": 1,
          "attributes": {
            "allow_recreate": null,
            "allow_stopping_for_update": null,
            "boot_disk": [
              {
                "auto_delete": true,
                "device_name": "fhmi98qu89h3i34tsdq4",
                "disk_id": "fhmi98qu89h3i34tsdq4",
                "initialize_params": [
                  {
                    "block_size": 4096,
                    "description": "",
                    "image_id": "fd8vljd295nqdaoogf3g",
                    "name": "hdd",
                    "size": 10,
                    "snapshot_id": "",
                    "type": "network-hdd"
                  }
                ],
                "mode": "READ_WRITE"
              }
            ],
            "created_at": "2024-02-02T10:59:17Z",
            "description": "",
            "filesystem": [],
            "folder_id": "b1g43aq7nnnac7rsogvm",
            "fqdn": "fhmk4qq3i3i7agrc3drv.auto.internal",
            "gpu_cluster_id": "",
            "hostname": "",
            "id": "fhmk4qq3i3i7agrc3drv",
            "labels": null,
            "local_disk": [],
            "maintenance_grace_period": "",
            "maintenance_policy": null,
            "metadata": {
              "ssh-keys": "ubuntu:ssh-ed25519 AAAAC3NzaC1lZDI1NTE5AAAAIAyHVEG79Zto9FD48lJLGBbq5NK+obbLyL0laolrSXP7 chudac@vpsNetherland\n"
            },
            "metadata_options": [
              {
                "aws_v1_http_endpoint": 1,
                "aws_v1_http_token": 2,
                "gce_http_endpoint": 1,
                "gce_http_token": 1
              }
            ],
            "name": "site",
            "network_acceleration_type": "standard",
            "network_interface": [
              {
                "dns_record": [],
                "index": 0,
                "ip_address": "192.168.0.25",
                "ipv4": true,
                "ipv6": false,
                "ipv6_address": "",
                "ipv6_dns_record": [],
                "mac_address": "d0:0d:14:26:b4:39",
                "nat": true,
                "nat_dns_record": [],
                "nat_ip_address": "158.160.124.167",
                "nat_ip_version": "IPV4",
                "security_group_ids": [],
                "subnet_id": "e9bn54ns7g3bagevktto"
              }
            ],
            "placement_policy": [
              {
                "host_affinity_rules": [],
                "placement_group_id": "",
                "placement_group_partition": 0
              }
            ],
            "platform_id": "standard-v1",
            "resources": [
              {
                "core_fraction": 100,
                "cores": 2,
                "gpus": 0,
                "memory": 4
              }
            ],
            "scheduling_policy": [
              {
                "preemptible": false
              }
            ],
            "secondary_disk": [],
            "service_account_id": "",
            "status": "running",
            "timeouts": null,
            "zone": "ru-central1-a"
          },
          "sensitive_attributes": [],
          "private": "eyJlMmJmYjczMC1lY2FhLTExZTYtOGY4OC0zNDM2M2JjN2M0YzAiOnsiY3JlYXRlIjozMDAwMDAwMDAwMDAsImRlbGV0ZSI6MzAwMDAwMDAwMDAwLCJ1cGRhdGUiOjMwMDAwMDAwMDAwMH0sInNjaGVtYV92ZXJzaW9uIjoiMSJ9",
          "dependencies": [
            "yandex_compute_disk.vm-hdd",
            "yandex_vpc_network.default",
            "yandex_vpc_subnet.test-subnet-a"
          ]
        }
      ]
    },
    {
      "mode": "managed",
      "type": "yandex_vpc_network",
      "name": "default",
      "provider": "provider[\"registry.terraform.io/yandex-cloud/yandex\"]",
      "instances": [
        {
          "schema_version": 0,
          "attributes": {
            "created_at": "2024-02-02T10:59:06Z",
            "default_security_group_id": "enp7rcu6v7ske6d5tuj1",
            "description": "",
            "folder_id": "b1g43aq7nnnac7rsogvm",
            "id": "enp4hb1s40ebvtctrgeb",
            "labels": {},
            "name": "test_network",
            "subnet_ids": [],
            "timeouts": null
          },
          "sensitive_attributes": [],
          "private": "eyJlMmJmYjczMC1lY2FhLTExZTYtOGY4OC0zNDM2M2JjN2M0YzAiOnsiY3JlYXRlIjo2MDAwMDAwMDAwMCwiZGVsZXRlIjo2MDAwMDAwMDAwMCwidXBkYXRlIjo2MDAwMDAwMDAwMH19"
        }
      ]
    },
    {
      "mode": "managed",
      "type": "yandex_vpc_subnet",
      "name": "test-subnet-a",
      "provider": "provider[\"registry.terraform.io/yandex-cloud/yandex\"]",
      "instances": [
        {
          "schema_version": 0,
          "attributes": {
            "created_at": "2024-02-02T10:59:08Z",
            "description": "",
            "dhcp_options": [],
            "folder_id": "b1g43aq7nnnac7rsogvm",
            "id": "e9bn54ns7g3bagevktto",
            "labels": {},
            "name": "",
            "network_id": "enp4hb1s40ebvtctrgeb",
            "route_table_id": "",
            "timeouts": null,
            "v4_cidr_blocks": [
              "192.168.0.0/24"
            ],
            "v6_cidr_blocks": [],
            "zone": "ru-central1-a"
          },
          "sensitive_attributes": [],
          "private": "eyJlMmJmYjczMC1lY2FhLTExZTYtOGY4OC0zNDM2M2JjN2M0YzAiOnsiY3JlYXRlIjoxODAwMDAwMDAwMDAsImRlbGV0ZSI6MTgwMDAwMDAwMDAwLCJ1cGRhdGUiOjE4MDAwMDAwMDAwMH19",
          "dependencies": [
            "yandex_vpc_network.default"
          ]
        }
      ]
    }
  ],
  "check_results": null
}
