{
  "version": 4,
  "terraform_version": "1.7.2",
  "serial": 201,
  "lineage": "379fa39c-4145-4821-45d7-8c4db616426f",
  "outputs": {
    "site-addr": {
      "value": "158.160.126.165",
      "type": "string"
    }
  },
  "resources": [
    {
      "mode": "managed",
      "type": "local_file",
      "name": "inventory",
      "provider": "provider[\"registry.terraform.io/hashicorp/local\"]",
      "instances": [
        {
          "schema_version": 0,
          "attributes": {
            "content": "[webserver]\n158.160.126.165\n",
            "content_base64": null,
            "content_base64sha256": "OdAow/8AuWITGICixRbkYqVDHHjdtf9hdJD84dLaAbY=",
            "content_base64sha512": "QTeRyuL2pOjy7xDtYYzqWwnwyDgGYeUO7IPcA0vdE9H9tmhww05HreqtZGzNFw7qiCP2qxhNVaZgwvXajuC6gQ==",
            "content_md5": "c3be14b9f1f9c5f51589c138bfff1783",
            "content_sha1": "d44ca051131321610f4581f86642e600d503d462",
            "content_sha256": "39d028c3ff00b962131880a2c516e462a5431c78ddb5ff617490fce1d2da01b6",
            "content_sha512": "413791cae2f6a4e8f2ef10ed618cea5b09f0c8380661e50eec83dc034bdd13d1fdb66870c34e47adeaad646ccd170eea8823f6ab184d55a660c2f5da8ee0ba81",
            "directory_permission": "0777",
            "file_permission": "0777",
            "filename": "../ansible/inventory.ini",
            "id": "d44ca051131321610f4581f86642e600d503d462",
            "sensitive_content": null,
            "source": null
          },
          "sensitive_attributes": [],
          "dependencies": [
            "yandex_compute_disk.vm-hdd",
            "yandex_compute_instance.vm-site",
            "yandex_vpc_network.default",
            "yandex_vpc_subnet.test-subnet-a"
          ]
        }
      ]
    },
    {
      "mode": "managed",
      "type": "yandex_compute_disk",
      "name": "vm-hdd",
      "provider": "provider[\"registry.terraform.io/yandex-cloud/yandex\"]",
      "instances": [
        {
          "schema_version": 0,
          "attributes": {
            "allow_recreate": null,
            "block_size": 4096,
            "created_at": "2024-02-02T11:52:34Z",
            "description": "",
            "disk_placement_policy": [
              {
                "disk_placement_group_id": ""
              }
            ],
            "folder_id": "b1g43aq7nnnac7rsogvm",
            "id": "fhm410hguijgmassdmfp",
            "image_id": "fd8vljd295nqdaoogf3g",
            "labels": null,
            "name": "hdd",
            "product_ids": [
              "f2epb404fuib1kf1hknu"
            ],
            "size": 10,
            "snapshot_id": "",
            "status": "ready",
            "timeouts": null,
            "type": "network-hdd",
            "zone": "ru-central1-a"
          },
          "sensitive_attributes": [],
          "private": "eyJlMmJmYjczMC1lY2FhLTExZTYtOGY4OC0zNDM2M2JjN2M0YzAiOnsiY3JlYXRlIjozMDAwMDAwMDAwMDAsImRlbGV0ZSI6MzAwMDAwMDAwMDAwLCJ1cGRhdGUiOjMwMDAwMDAwMDAwMH19"
        }
      ]
    },
    {
      "mode": "managed",
      "type": "yandex_compute_instance",
      "name": "vm-site",
      "provider": "provider[\"registry.terraform.io/yandex-cloud/yandex\"]",
      "instances": [
        {
          "schema_version": 1,
          "attributes": {
            "allow_recreate": null,
            "allow_stopping_for_update": null,
            "boot_disk": [
              {
                "auto_delete": true,
                "device_name": "fhm410hguijgmassdmfp",
                "disk_id": "fhm410hguijgmassdmfp",
                "initialize_params": [
                  {
                    "block_size": 4096,
                    "description": "",
                    "image_id": "fd8vljd295nqdaoogf3g",
                    "name": "hdd",
                    "size": 10,
                    "snapshot_id": "",
                    "type": "network-hdd"
                  }
                ],
                "mode": "READ_WRITE"
              }
            ],
            "created_at": "2024-02-02T11:52:47Z",
            "description": "",
            "filesystem": [],
            "folder_id": "b1g43aq7nnnac7rsogvm",
            "fqdn": "fhm83v3ucijsasa626o1.auto.internal",
            "gpu_cluster_id": "",
            "hostname": "",
            "id": "fhm83v3ucijsasa626o1",
            "labels": null,
            "local_disk": [],
            "maintenance_grace_period": "",
            "maintenance_policy": null,
            "metadata": {
              "ssh-keys": "ubuntu:ssh-ed25519 AAAAC3NzaC1lZDI1NTE5AAAAIAyHVEG79Zto9FD48lJLGBbq5NK+obbLyL0laolrSXP7 chudac@vpsNetherland\n"
            },
            "metadata_options": [
              {
                "aws_v1_http_endpoint": 1,
                "aws_v1_http_token": 2,
                "gce_http_endpoint": 1,
                "gce_http_token": 1
              }
            ],
            "name": "site",
            "network_acceleration_type": "standard",
            "network_interface": [
              {
                "dns_record": [],
                "index": 0,
                "ip_address": "192.168.0.11",
                "ipv4": true,
                "ipv6": false,
                "ipv6_address": "",
                "ipv6_dns_record": [],
                "mac_address": "d0:0d:81:fc:7e:64",
                "nat": true,
                "nat_dns_record": [],
                "nat_ip_address": "158.160.126.165",
                "nat_ip_version": "IPV4",
                "security_group_ids": [],
                "subnet_id": "e9btpu7fk95oab2fsi5s"
              }
            ],
            "placement_policy": [
              {
                "host_affinity_rules": [],
                "placement_group_id": "",
                "placement_group_partition": 0
              }
            ],
            "platform_id": "standard-v1",
            "resources": [
              {
                "core_fraction": 100,
                "cores": 2,
                "gpus": 0,
                "memory": 4
              }
            ],
            "scheduling_policy": [
              {
                "preemptible": false
              }
            ],
            "secondary_disk": [],
            "service_account_id": "",
            "status": "running",
            "timeouts": null,
            "zone": "ru-central1-a"
          },
          "sensitive_attributes": [],
          "private": "eyJlMmJmYjczMC1lY2FhLTExZTYtOGY4OC0zNDM2M2JjN2M0YzAiOnsiY3JlYXRlIjozMDAwMDAwMDAwMDAsImRlbGV0ZSI6MzAwMDAwMDAwMDAwLCJ1cGRhdGUiOjMwMDAwMDAwMDAwMH0sInNjaGVtYV92ZXJzaW9uIjoiMSJ9",
          "dependencies": [
            "yandex_compute_disk.vm-hdd",
            "yandex_vpc_network.default",
            "yandex_vpc_subnet.test-subnet-a"
          ]
        }
      ]
    },
    {
      "mode": "managed",
      "type": "yandex_vpc_network",
      "name": "default",
      "provider": "provider[\"registry.terraform.io/yandex-cloud/yandex\"]",
      "instances": [
        {
          "schema_version": 0,
          "attributes": {
            "created_at": "2024-02-02T11:52:34Z",
            "default_security_group_id": "enpu864kmr22cm5h93pr",
            "description": "",
            "folder_id": "b1g43aq7nnnac7rsogvm",
            "id": "enpnu9p2ptforlat7p8u",
            "labels": {},
            "name": "test_network",
            "subnet_ids": [],
            "timeouts": null
          },
          "sensitive_attributes": [],
          "private": "eyJlMmJmYjczMC1lY2FhLTExZTYtOGY4OC0zNDM2M2JjN2M0YzAiOnsiY3JlYXRlIjo2MDAwMDAwMDAwMCwiZGVsZXRlIjo2MDAwMDAwMDAwMCwidXBkYXRlIjo2MDAwMDAwMDAwMH19"
        }
      ]
    },
    {
      "mode": "managed",
      "type": "yandex_vpc_subnet",
      "name": "test-subnet-a",
      "provider": "provider[\"registry.terraform.io/yandex-cloud/yandex\"]",
      "instances": [
        {
          "schema_version": 0,
          "attributes": {
            "created_at": "2024-02-02T11:52:37Z",
            "description": "",
            "dhcp_options": [],
            "folder_id": "b1g43aq7nnnac7rsogvm",
            "id": "e9btpu7fk95oab2fsi5s",
            "labels": {},
            "name": "",
            "network_id": "enpnu9p2ptforlat7p8u",
            "route_table_id": "",
            "timeouts": null,
            "v4_cidr_blocks": [
              "192.168.0.0/24"
            ],
            "v6_cidr_blocks": [],
            "zone": "ru-central1-a"
          },
          "sensitive_attributes": [],
          "private": "eyJlMmJmYjczMC1lY2FhLTExZTYtOGY4OC0zNDM2M2JjN2M0YzAiOnsiY3JlYXRlIjoxODAwMDAwMDAwMDAsImRlbGV0ZSI6MTgwMDAwMDAwMDAwLCJ1cGRhdGUiOjE4MDAwMDAwMDAwMH19",
          "dependencies": [
            "yandex_vpc_network.default"
          ]
        }
      ]
    }
  ],
  "check_results": null
}
